
Microsoft Visual Studio Solution File, Format Version 12.00
# Visual Studio Version 17
VisualStudioVersion = 17.6.33712.159
MinimumVisualStudioVersion = 10.0.40219.1
Project("{9A19103F-16F7-4668-BE54-9A1E7A4F7556}") = "OWT6BA_HFT_2022232.Client", "OWT6BA_HFT_2022232.Client\OWT6BA_HFT_2022232.Client.csproj", "{DDBE833A-FF12-40A2-A4A3-01F79D586279}"
EndProject
Project("{2150E333-8FDC-42A3-9474-1A3956D46DE8}") = "Others", "Others", "{3DD5CBC4-A01E-4B87-B03A-E233DB7F2EA0}"
	ProjectSection(SolutionItems) = preProject
		.gitignore = .gitignore
	EndProjectSection
EndProject
Project("{9A19103F-16F7-4668-BE54-9A1E7A4F7556}") = "OWT6BA_HFT_2022232.Models", "OWT6BA_HFT_2022232.Models\OWT6BA_HFT_2022232.Models.csproj", "{1979B0AF-C731-4663-99FC-0C1B7ADF2DF9}"
EndProject
Project("{9A19103F-16F7-4668-BE54-9A1E7A4F7556}") = "OWT6BA_HFT_2022232.Logic", "OWT6BA_HFT_2022232.Logic\OWT6BA_HFT_2022232.Logic.csproj", "{B0E0A82A-DD03-46A4-9470-BF2724D7BFAF}"
EndProject
Project("{9A19103F-16F7-4668-BE54-9A1E7A4F7556}") = "OWT6BA_HFT_2022232.Repository", "OWT6BA_HFT_2022232.Repository\OWT6BA_HFT_2022232.Repository.csproj", "{12A9C6FB-1AFA-42A4-8224-64775A8C5149}"
EndProject
Project("{9A19103F-16F7-4668-BE54-9A1E7A4F7556}") = "OWT6BA_HFT_2022232.Test", "OWT6BA_HFT_2022232.Test\OWT6BA_HFT_2022232.Test.csproj", "{E98C6CDE-10B9-4114-A910-8921B342B271}"
EndProject
Project("{2150E333-8FDC-42A3-9474-1A3956D46DE8}") = "Backend", "Backend", "{EF025F04-EFB8-445C-BFC0-182A6A3AE40C}"
EndProject
Project("{2150E333-8FDC-42A3-9474-1A3956D46DE8}") = "Frontend", "Frontend", "{81500600-A68D-449A-BC22-8C815B0BECDB}"
EndProject
Project("{2150E333-8FDC-42A3-9474-1A3956D46DE8}") = "Shared", "Shared", "{0C6DC214-552A-4367-8EB7-2639B4EDD62E}"
EndProject
Project("{FAE04EC0-301F-11D3-BF4B-00C04F79EFBC}") = "OWT6BA_HFT_2022232.Endpoint", "OWT6BA_HFT_2022232.Endpoint\OWT6BA_HFT_2022232.Endpoint.csproj", "{351836CC-8835-4ECD-B6DC-5480F5399437}"
EndProject
Global
	GlobalSection(SolutionConfigurationPlatforms) = preSolution
		Debug|Any CPU = Debug|Any CPU
		Release|Any CPU = Release|Any CPU
	EndGlobalSection
	GlobalSection(ProjectConfigurationPlatforms) = postSolution
		{DDBE833A-FF12-40A2-A4A3-01F79D586279}.Debug|Any CPU.ActiveCfg = Debug|Any CPU
		{DDBE833A-FF12-40A2-A4A3-01F79D586279}.Debug|Any CPU.Build.0 = Debug|Any CPU
		{DDBE833A-FF12-40A2-A4A3-01F79D586279}.Release|Any CPU.ActiveCfg = Release|Any CPU
		{DDBE833A-FF12-40A2-A4A3-01F79D586279}.Release|Any CPU.Build.0 = Release|Any CPU
		{1979B0AF-C731-4663-99FC-0C1B7ADF2DF9}.Debug|Any CPU.ActiveCfg = Debug|Any CPU
		{1979B0AF-C731-4663-99FC-0C1B7ADF2DF9}.Debug|Any CPU.Build.0 = Debug|Any CPU
		{1979B0AF-C731-4663-99FC-0C1B7ADF2DF9}.Release|Any CPU.ActiveCfg = Release|Any CPU
		{1979B0AF-C731-4663-99FC-0C1B7ADF2DF9}.Release|Any CPU.Build.0 = Release|Any CPU
		{B0E0A82A-DD03-46A4-9470-BF2724D7BFAF}.Debug|Any CPU.ActiveCfg = Debug|Any CPU
		{B0E0A82A-DD03-46A4-9470-BF2724D7BFAF}.Debug|Any CPU.Build.0 = Debug|Any CPU
		{B0E0A82A-DD03-46A4-9470-BF2724D7BFAF}.Release|Any CPU.ActiveCfg = Release|Any CPU
		{B0E0A82A-DD03-46A4-9470-BF2724D7BFAF}.Release|Any CPU.Build.0 = Release|Any CPU
		{12A9C6FB-1AFA-42A4-8224-64775A8C5149}.Debug|Any CPU.ActiveCfg = Debug|Any CPU
		{12A9C6FB-1AFA-42A4-8224-64775A8C5149}.Debug|Any CPU.Build.0 = Debug|Any CPU
		{12A9C6FB-1AFA-42A4-8224-64775A8C5149}.Release|Any CPU.ActiveCfg = Release|Any CPU
		{12A9C6FB-1AFA-42A4-8224-64775A8C5149}.Release|Any CPU.Build.0 = Release|Any CPU
		{E98C6CDE-10B9-4114-A910-8921B342B271}.Debug|Any CPU.ActiveCfg = Debug|Any CPU
		{E98C6CDE-10B9-4114-A910-8921B342B271}.Debug|Any CPU.Build.0 = Debug|Any CPU
		{E98C6CDE-10B9-4114-A910-8921B342B271}.Release|Any CPU.ActiveCfg = Release|Any CPU
		{E98C6CDE-10B9-4114-A910-8921B342B271}.Release|Any CPU.Build.0 = Release|Any CPU
		{351836CC-8835-4ECD-B6DC-5480F5399437}.Debug|Any CPU.ActiveCfg = Debug|Any CPU
		{351836CC-8835-4ECD-B6DC-5480F5399437}.Debug|Any CPU.Build.0 = Debug|Any CPU
		{351836CC-8835-4ECD-B6DC-5480F5399437}.Release|Any CPU.ActiveCfg = Release|Any CPU
		{351836CC-8835-4ECD-B6DC-5480F5399437}.Release|Any CPU.Build.0 = Release|Any CPU
	EndGlobalSection
	GlobalSection(SolutionProperties) = preSolution
		HideSolutionNode = FALSE
	EndGlobalSection
	GlobalSection(NestedProjects) = preSolution
		{DDBE833A-FF12-40A2-A4A3-01F79D586279} = {81500600-A68D-449A-BC22-8C815B0BECDB}
		{1979B0AF-C731-4663-99FC-0C1B7ADF2DF9} = {0C6DC214-552A-4367-8EB7-2639B4EDD62E}
		{B0E0A82A-DD03-46A4-9470-BF2724D7BFAF} = {EF025F04-EFB8-445C-BFC0-182A6A3AE40C}
		{12A9C6FB-1AFA-42A4-8224-64775A8C5149} = {EF025F04-EFB8-445C-BFC0-182A6A3AE40C}
		{E98C6CDE-10B9-4114-A910-8921B342B271} = {EF025F04-EFB8-445C-BFC0-182A6A3AE40C}
		{351836CC-8835-4ECD-B6DC-5480F5399437} = {EF025F04-EFB8-445C-BFC0-182A6A3AE40C}
	EndGlobalSection
	GlobalSection(ExtensibilityGlobals) = postSolution
		SolutionGuid = {44985430-6BE4-41B5-8DF9-8C23D3A89C11}
	EndGlobalSection
EndGlobal
